
Microsoft Visual Studio Solution File, Format Version 12.00
# Visual Studio 15
VisualStudioVersion = 15.0.28307.1340
MinimumVisualStudioVersion = 10.0.40219.1
Project("{FAE04EC0-301F-11D3-BF4B-00C04F79EFBC}") = "EmployeEvaluation", "EmployeEvaluation\EmployeEvaluation.csproj", "{D5E13A0A-C987-4721-B3CF-11F70E468798}"
EndProject
Global
	GlobalSection(SolutionConfigurationPlatforms) = preSolution
		Debug|Any CPU = Debug|Any CPU
		Release|Any CPU = Release|Any CPU
	EndGlobalSection
	GlobalSection(ProjectConfigurationPlatforms) = postSolution
		{D5E13A0A-C987-4721-B3CF-11F70E468798}.Debug|Any CPU.ActiveCfg = Debug|Any CPU
		{D5E13A0A-C987-4721-B3CF-11F70E468798}.Debug|Any CPU.Build.0 = Debug|Any CPU
		{D5E13A0A-C987-4721-B3CF-11F70E468798}.Release|Any CPU.ActiveCfg = Release|Any CPU
		{D5E13A0A-C987-4721-B3CF-11F70E468798}.Release|Any CPU.Build.0 = Release|Any CPU
	EndGlobalSection
	GlobalSection(SolutionProperties) = preSolution
		HideSolutionNode = FALSE
	EndGlobalSection
	GlobalSection(ExtensibilityGlobals) = postSolution
		SolutionGuid = {2F00816B-178E-4EF5-ABA7-D56E2C85DFFA}
	EndGlobalSection
EndGlobal
